
Microsoft Visual Studio Solution File, Format Version 12.00
# Visual Studio Version 17
VisualStudioVersion = 17.11.35222.181
MinimumVisualStudioVersion = 10.0.40219.1
Project("{FAE04EC0-301F-11D3-BF4B-00C04F79EFBC}") = "TurnosConsultorioAPI", "TurnosConsultorioAPI\TurnosConsultorioAPI.csproj", "{A6099BF1-08DA-4AD0-9745-BC88AC248DEA}"
EndProject
Global
	GlobalSection(SolutionConfigurationPlatforms) = preSolution
		Debug|Any CPU = Debug|Any CPU
		Release|Any CPU = Release|Any CPU
	EndGlobalSection
	GlobalSection(ProjectConfigurationPlatforms) = postSolution
		{A6099BF1-08DA-4AD0-9745-BC88AC248DEA}.Debug|Any CPU.ActiveCfg = Debug|Any CPU
		{A6099BF1-08DA-4AD0-9745-BC88AC248DEA}.Debug|Any CPU.Build.0 = Debug|Any CPU
		{A6099BF1-08DA-4AD0-9745-BC88AC248DEA}.Release|Any CPU.ActiveCfg = Release|Any CPU
		{A6099BF1-08DA-4AD0-9745-BC88AC248DEA}.Release|Any CPU.Build.0 = Release|Any CPU
	EndGlobalSection
	GlobalSection(SolutionProperties) = preSolution
		HideSolutionNode = FALSE
	EndGlobalSection
	GlobalSection(ExtensibilityGlobals) = postSolution
		SolutionGuid = {C4C9FF3D-A5B4-485A-AD1B-DE3FA6969380}
	EndGlobalSection
EndGlobal
